github.com/olambo/solan v0.0.0-20260501082948-f3471e8b4849 h1:Rg+NnAaST/1zYvgDK5z8l8WnViaNfZg9PEXZrqoz5Fs=
github.com/olambo/solan v0.0.0-20260501082948-f3471e8b4849/go.mod h1:ECslY+jJaf05tWRy5iSW0BKbn2RSdIHxx26gqfEXbQ8=
github.com/olambo/tellus v0.0.0-20260501084459-f3de1907fc16 h1:7+8RpX04dTncQT4HAAGIQ0giLi61g81AqrOinQPROvU=
github.com/olambo/tellus v0.0.0-20260501084459-f3de1907fc16/go.mod h1:2ykNxql1fOHsbkD3hHJPflGr/ao+QB56N7YOk52+ZQU=
