github.com/olambo/solan v0.0.0-20260508075951-7de5799f6d15 h1:ZuDGPrAbHj6RqqgJYp2aVUPUeGXpTQhHai/ZL+G4fjI=
github.com/olambo/solan v0.0.0-20260508075951-7de5799f6d15/go.mod h1:ECslY+jJaf05tWRy5iSW0BKbn2RSdIHxx26gqfEXbQ8=
github.com/olambo/tellus v0.0.0-20260501103657-c568946ac07d h1:0o+8Z2hn6KYd6qb4O7AYCgn7+APLvNqXrapEqSOqKBs=
github.com/olambo/tellus v0.0.0-20260501103657-c568946ac07d/go.mod h1:2ykNxql1fOHsbkD3hHJPflGr/ao+QB56N7YOk52+ZQU=
