github.com/olambo/solan v0.0.0-20260501090125-b81759f5e120 h1:CnianMCfNK1a1S6G1p69oHF4dYVE4DOp5YYmdWkLkbc=
github.com/olambo/solan v0.0.0-20260501090125-b81759f5e120/go.mod h1:ECslY+jJaf05tWRy5iSW0BKbn2RSdIHxx26gqfEXbQ8=
github.com/olambo/tellus v0.0.0-20260501084459-f3de1907fc16 h1:7+8RpX04dTncQT4HAAGIQ0giLi61g81AqrOinQPROvU=
github.com/olambo/tellus v0.0.0-20260501084459-f3de1907fc16/go.mod h1:2ykNxql1fOHsbkD3hHJPflGr/ao+QB56N7YOk52+ZQU=
